
Microsoft Visual Studio Solution File, Format Version 12.00
# Visual Studio 15
Project("{FAE04EC0-301F-11D3-BF4B-00C04F79EFBC}") = "POE_Single_Light", "POE_Single_Light\POE_Single_Light.csproj", "{458FC7C5-3EEE-4EE6-9B78-2508B84B1704}"
EndProject
Global
	GlobalSection(SolutionConfigurationPlatforms) = preSolution
		Debug|Any CPU = Debug|Any CPU
		Release|Any CPU = Release|Any CPU
	EndGlobalSection
	GlobalSection(ProjectConfigurationPlatforms) = postSolution
		{458FC7C5-3EEE-4EE6-9B78-2508B84B1704}.Debug|Any CPU.ActiveCfg = Debug|Any CPU
		{458FC7C5-3EEE-4EE6-9B78-2508B84B1704}.Debug|Any CPU.Build.0 = Debug|Any CPU
		{458FC7C5-3EEE-4EE6-9B78-2508B84B1704}.Release|Any CPU.ActiveCfg = Release|Any CPU
		{458FC7C5-3EEE-4EE6-9B78-2508B84B1704}.Release|Any CPU.Build.0 = Release|Any CPU
	EndGlobalSection
EndGlobal
